
Microsoft Visual Studio Solution File, Format Version 12.00
# Visual Studio Version 17
VisualStudioVersion = 17.0.31903.59
MinimumVisualStudioVersion = 10.0.40219.1
Project("{FAE04EC0-301F-11D3-BF4B-00C04F79EFBC}") = "SynOS.Api", "src\SynOS.Api\SynOS.Api.csproj", "{1EADF7A0-7A8A-4C5D-A0C5-8A8E8E8E8E8E}"
EndProject
Project("{FAE04EC0-301F-11D3-BF4B-00C04F79EFBC}") = "SynOS.Models", "src\SynOS.Models\SynOS.Models.csproj", "{2EADF7A0-7A8A-4C5D-A0C5-8A8E8E8E8E8E}"
EndProject
Project("{FAE04EC0-301F-11D3-BF4B-00C04F79EFBC}") = "SynOS.Services", "src\SynOS.Services\SynOS.Services.csproj", "{3EADF7A0-7A8A-4C5D-A0C5-8A8E8E8E8E8E}"
EndProject
Project("{FAE04EC0-301F-11D3-BF4B-00C04F79EFBC}") = "SynOS.Data", "src\SynOS.Data\SynOS.Data.csproj", "{4EADF7A0-7A8A-4C5D-A0C5-8A8E8E8E8E8E}"
EndProject
Project("{2150E333-8FDC-42A3-9474-1A3956D46DE8}") = "src", "src", "{434324A8-AAEF-429E-91D1-48639FF3D71F}"
EndProject
Project("{FAE04EC0-301F-11D3-BF4B-00C04F79EFBC}") = "SynOS.Updater", "src\SynOS.Updater\SynOS.Updater.csproj", "{DE1FAA21-C107-402A-81C2-599A6E4FB45F}"
EndProject
Global
	GlobalSection(SolutionConfigurationPlatforms) = preSolution
		Debug|Any CPU = Debug|Any CPU
		Release|Any CPU = Release|Any CPU
	EndGlobalSection
	GlobalSection(ProjectConfigurationPlatforms) = postSolution
		{1EADF7A0-7A8A-4C5D-A0C5-8A8E8E8E8E8E}.Debug|Any CPU.ActiveCfg = Debug|Any CPU
		{1EADF7A0-7A8A-4C5D-A0C5-8A8E8E8E8E8E}.Debug|Any CPU.Build.0 = Debug|Any CPU
		{1EADF7A0-7A8A-4C5D-A0C5-8A8E8E8E8E8E}.Release|Any CPU.ActiveCfg = Release|Any CPU
		{1EADF7A0-7A8A-4C5D-A0C5-8A8E8E8E8E8E}.Release|Any CPU.Build.0 = Release|Any CPU
		{2EADF7A0-7A8A-4C5D-A0C5-8A8E8E8E8E8E}.Debug|Any CPU.ActiveCfg = Debug|Any CPU
		{2EADF7A0-7A8A-4C5D-A0C5-8A8E8E8E8E8E}.Debug|Any CPU.Build.0 = Debug|Any CPU
		{2EADF7A0-7A8A-4C5D-A0C5-8A8E8E8E8E8E}.Release|Any CPU.ActiveCfg = Release|Any CPU
		{2EADF7A0-7A8A-4C5D-A0C5-8A8E8E8E8E8E}.Release|Any CPU.Build.0 = Release|Any CPU
		{3EADF7A0-7A8A-4C5D-A0C5-8A8E8E8E8E8E}.Debug|Any CPU.ActiveCfg = Debug|Any CPU
		{3EADF7A0-7A8A-4C5D-A0C5-8A8E8E8E8E8E}.Debug|Any CPU.Build.0 = Debug|Any CPU
		{3EADF7A0-7A8A-4C5D-A0C5-8A8E8E8E8E8E}.Release|Any CPU.ActiveCfg = Release|Any CPU
		{3EADF7A0-7A8A-4C5D-A0C5-8A8E8E8E8E8E}.Release|Any CPU.Build.0 = Release|Any CPU
		{4EADF7A0-7A8A-4C5D-A0C5-8A8E8E8E8E8E}.Debug|Any CPU.ActiveCfg = Debug|Any CPU
		{4EADF7A0-7A8A-4C5D-A0C5-8A8E8E8E8E8E}.Debug|Any CPU.Build.0 = Debug|Any CPU
		{4EADF7A0-7A8A-4C5D-A0C5-8A8E8E8E8E8E}.Release|Any CPU.ActiveCfg = Release|Any CPU
		{4EADF7A0-7A8A-4C5D-A0C5-8A8E8E8E8E8E}.Release|Any CPU.Build.0 = Release|Any CPU
		{DE1FAA21-C107-402A-81C2-599A6E4FB45F}.Debug|Any CPU.ActiveCfg = Debug|Any CPU
		{DE1FAA21-C107-402A-81C2-599A6E4FB45F}.Debug|Any CPU.Build.0 = Debug|Any CPU
		{DE1FAA21-C107-402A-81C2-599A6E4FB45F}.Release|Any CPU.ActiveCfg = Release|Any CPU
		{DE1FAA21-C107-402A-81C2-599A6E4FB45F}.Release|Any CPU.Build.0 = Release|Any CPU
	EndGlobalSection
	GlobalSection(SolutionProperties) = preSolution
		HideSolutionNode = FALSE
	EndGlobalSection
	GlobalSection(NestedProjects) = preSolution
		{DE1FAA21-C107-402A-81C2-599A6E4FB45F} = {434324A8-AAEF-429E-91D1-48639FF3D71F}
	EndGlobalSection
EndGlobal
